
Microsoft Visual Studio Solution File, Format Version 12.00
# Visual Studio Version 17
VisualStudioVersion = 17.7.34221.43
MinimumVisualStudioVersion = 10.0.40219.1
Project("{8BC9CEB8-8B4A-11D0-8D11-00A0C91BC942}") = "Simulator", "Simulator\Simulator.vcxproj", "{43ED35D1-E883-4A7A-9A1F-36CF9C70075E}"
EndProject
Global
	GlobalSection(SolutionConfigurationPlatforms) = preSolution
		Debug|x64 = Debug|x64
		Debug|x86 = Debug|x86
		Release|x64 = Release|x64
		Release|x86 = Release|x86
	EndGlobalSection
	GlobalSection(ProjectConfigurationPlatforms) = postSolution
		{43ED35D1-E883-4A7A-9A1F-36CF9C70075E}.Debug|x64.ActiveCfg = Debug|x64
		{43ED35D1-E883-4A7A-9A1F-36CF9C70075E}.Debug|x64.Build.0 = Debug|x64
		{43ED35D1-E883-4A7A-9A1F-36CF9C70075E}.Debug|x86.ActiveCfg = Debug|Win32
		{43ED35D1-E883-4A7A-9A1F-36CF9C70075E}.Debug|x86.Build.0 = Debug|Win32
		{43ED35D1-E883-4A7A-9A1F-36CF9C70075E}.Release|x64.ActiveCfg = Release|x64
		{43ED35D1-E883-4A7A-9A1F-36CF9C70075E}.Release|x64.Build.0 = Release|x64
		{43ED35D1-E883-4A7A-9A1F-36CF9C70075E}.Release|x86.ActiveCfg = Release|Win32
		{43ED35D1-E883-4A7A-9A1F-36CF9C70075E}.Release|x86.Build.0 = Release|Win32
	EndGlobalSection
	GlobalSection(SolutionProperties) = preSolution
		HideSolutionNode = FALSE
	EndGlobalSection
	GlobalSection(ExtensibilityGlobals) = postSolution
		SolutionGuid = {B2CB6EBB-EB1B-4515-A19D-1B71C5C55D13}
	EndGlobalSection
EndGlobal
